
Microsoft Visual Studio Solution File, Format Version 12.00
# Visual Studio Version 17
VisualStudioVersion = 17.4.33213.308
MinimumVisualStudioVersion = 10.0.40219.1
Project("{FAE04EC0-301F-11D3-BF4B-00C04F79EFBC}") = "Lab1_1", "Lab1\Lab1_1.csproj", "{9CF36028-06BB-4618-8D7E-2F6EA512A8DE}"
EndProject
Project("{FAE04EC0-301F-11D3-BF4B-00C04F79EFBC}") = "Lab1_2", "Lab1_2\Lab1_2.csproj", "{DF74787A-1EAE-43F4-8298-89D0AFDAD5E9}"
EndProject
Project("{FAE04EC0-301F-11D3-BF4B-00C04F79EFBC}") = "Lab1_3", "Lab1_3\Lab1_3.csproj", "{148AD4FF-C01A-4889-9EC7-618DF504E94F}"
EndProject
Project("{FAE04EC0-301F-11D3-BF4B-00C04F79EFBC}") = "Lab1_4", "Lab1_4\Lab1_4.csproj", "{125925F8-E1EB-4302-9382-7F7E6660FE7E}"
EndProject
Project("{FAE04EC0-301F-11D3-BF4B-00C04F79EFBC}") = "Lab1_5", "Lab1_5\Lab1_5.csproj", "{5BB0AE1A-F163-4206-84FC-2316EBEC7989}"
EndProject
Project("{8BC9CEB8-8B4A-11D0-8D11-00A0C91BC942}") = "Lab2_1", "Lab2_1\Lab2_1.vcxproj", "{AF4755E4-E538-40C2-97ED-D22E35403B5B}"
EndProject
Project("{2150E333-8FDC-42A3-9474-1A3956D46DE8}") = "1", "1", "{794D1CD0-6BA9-4A4C-BB66-9185AFFEA481}"
EndProject
Project("{2150E333-8FDC-42A3-9474-1A3956D46DE8}") = "2", "2", "{88C17B89-2D7F-43F4-AD62-D274B37A963E}"
EndProject
Project("{FAE04EC0-301F-11D3-BF4B-00C04F79EFBC}") = "Lab2_2", "Lab2_2\Lab2_2.csproj", "{DF47DE4F-4840-4DB2-A5E9-57444D9B91DD}"
EndProject
Project("{FAE04EC0-301F-11D3-BF4B-00C04F79EFBC}") = "Lab2_3", "Lab2_3\Lab2_3.csproj", "{53830159-1E8C-48EB-A568-AFAA36E5C12B}"
EndProject
Project("{FAE04EC0-301F-11D3-BF4B-00C04F79EFBC}") = "Lab2_4", "Lab2_4\Lab2_4.csproj", "{B8E8E559-BE37-4035-922D-90E8D17EE15E}"
EndProject
Project("{FAE04EC0-301F-11D3-BF4B-00C04F79EFBC}") = "Lab2_5", "Lab2_5\Lab2_5.csproj", "{EAFA3DD2-6BCE-4871-BA3B-AF58A200048B}"
EndProject
Project("{8BC9CEB8-8B4A-11D0-8D11-00A0C91BC942}") = "Lab2_4_C++", "Lab2_4_C++\Lab2_4_C++.vcxproj", "{23BC6AED-975C-4635-AB06-49137E8C33E1}"
EndProject
Project("{FAE04EC0-301F-11D3-BF4B-00C04F79EFBC}") = "Lab2_Tests", "Lab2_Tests\Lab2_Tests.csproj", "{6F354A68-3251-4F6E-AC47-435F5BD31169}"
EndProject
Project("{2150E333-8FDC-42A3-9474-1A3956D46DE8}") = "3", "3", "{FCDFB541-827A-48BB-8F3F-85F9B3EC41F7}"
EndProject
Project("{9A19103F-16F7-4668-BE54-9A1E7A4F7556}") = "Lab3_1", "Lab3_1\Lab3_1.csproj", "{4808571E-A8DC-4D1B-839F-40C3286A0DE3}"
EndProject
Project("{9A19103F-16F7-4668-BE54-9A1E7A4F7556}") = "Lab3_1_Tests", "Lab3_Tests\Lab3_1_Tests.csproj", "{FE9C7694-850A-48F7-9F12-9DAB42D3B942}"
EndProject
Project("{9A19103F-16F7-4668-BE54-9A1E7A4F7556}") = "Lab3_2", "Lab3_2\Lab3_2.csproj", "{9C1747E4-8716-4808-AB3A-21273A29E552}"
EndProject
Project("{9A19103F-16F7-4668-BE54-9A1E7A4F7556}") = "Lab3_2_Tests", "Lab3_2_Tests\Lab3_2_Tests.csproj", "{1A536EF7-7E4D-4E96-AA6F-4C83ACF462FE}"
EndProject
Project("{2150E333-8FDC-42A3-9474-1A3956D46DE8}") = "4", "4", "{FDFCD131-8E0B-40CB-81CE-F9D70110644A}"
EndProject
Project("{FAE04EC0-301F-11D3-BF4B-00C04F79EFBC}") = "Lab4_1", "Lab4_1\Lab4_1.csproj", "{3D2954DD-5E69-4EF9-880B-495CCDCA8D80}"
EndProject
Global
	GlobalSection(SolutionConfigurationPlatforms) = preSolution
		Debug|Any CPU = Debug|Any CPU
		Debug|x64 = Debug|x64
		Debug|x86 = Debug|x86
		Release|Any CPU = Release|Any CPU
		Release|x64 = Release|x64
		Release|x86 = Release|x86
	EndGlobalSection
	GlobalSection(ProjectConfigurationPlatforms) = postSolution
		{9CF36028-06BB-4618-8D7E-2F6EA512A8DE}.Debug|Any CPU.ActiveCfg = Debug|Any CPU
		{9CF36028-06BB-4618-8D7E-2F6EA512A8DE}.Debug|Any CPU.Build.0 = Debug|Any CPU
		{9CF36028-06BB-4618-8D7E-2F6EA512A8DE}.Debug|x64.ActiveCfg = Debug|Any CPU
		{9CF36028-06BB-4618-8D7E-2F6EA512A8DE}.Debug|x64.Build.0 = Debug|Any CPU
		{9CF36028-06BB-4618-8D7E-2F6EA512A8DE}.Debug|x86.ActiveCfg = Debug|Any CPU
		{9CF36028-06BB-4618-8D7E-2F6EA512A8DE}.Debug|x86.Build.0 = Debug|Any CPU
		{9CF36028-06BB-4618-8D7E-2F6EA512A8DE}.Release|Any CPU.ActiveCfg = Release|Any CPU
		{9CF36028-06BB-4618-8D7E-2F6EA512A8DE}.Release|Any CPU.Build.0 = Release|Any CPU
		{9CF36028-06BB-4618-8D7E-2F6EA512A8DE}.Release|x64.ActiveCfg = Release|Any CPU
		{9CF36028-06BB-4618-8D7E-2F6EA512A8DE}.Release|x64.Build.0 = Release|Any CPU
		{9CF36028-06BB-4618-8D7E-2F6EA512A8DE}.Release|x86.ActiveCfg = Release|Any CPU
		{9CF36028-06BB-4618-8D7E-2F6EA512A8DE}.Release|x86.Build.0 = Release|Any CPU
		{DF74787A-1EAE-43F4-8298-89D0AFDAD5E9}.Debug|Any CPU.ActiveCfg = Debug|Any CPU
		{DF74787A-1EAE-43F4-8298-89D0AFDAD5E9}.Debug|Any CPU.Build.0 = Debug|Any CPU
		{DF74787A-1EAE-43F4-8298-89D0AFDAD5E9}.Debug|x64.ActiveCfg = Debug|Any CPU
		{DF74787A-1EAE-43F4-8298-89D0AFDAD5E9}.Debug|x64.Build.0 = Debug|Any CPU
		{DF74787A-1EAE-43F4-8298-89D0AFDAD5E9}.Debug|x86.ActiveCfg = Debug|Any CPU
		{DF74787A-1EAE-43F4-8298-89D0AFDAD5E9}.Debug|x86.Build.0 = Debug|Any CPU
		{DF74787A-1EAE-43F4-8298-89D0AFDAD5E9}.Release|Any CPU.ActiveCfg = Release|Any CPU
		{DF74787A-1EAE-43F4-8298-89D0AFDAD5E9}.Release|Any CPU.Build.0 = Release|Any CPU
		{DF74787A-1EAE-43F4-8298-89D0AFDAD5E9}.Release|x64.ActiveCfg = Release|Any CPU
		{DF74787A-1EAE-43F4-8298-89D0AFDAD5E9}.Release|x64.Build.0 = Release|Any CPU
		{DF74787A-1EAE-43F4-8298-89D0AFDAD5E9}.Release|x86.ActiveCfg = Release|Any CPU
		{DF74787A-1EAE-43F4-8298-89D0AFDAD5E9}.Release|x86.Build.0 = Release|Any CPU
		{148AD4FF-C01A-4889-9EC7-618DF504E94F}.Debug|Any CPU.ActiveCfg = Debug|Any CPU
		{148AD4FF-C01A-4889-9EC7-618DF504E94F}.Debug|Any CPU.Build.0 = Debug|Any CPU
		{148AD4FF-C01A-4889-9EC7-618DF504E94F}.Debug|x64.ActiveCfg = Debug|Any CPU
		{148AD4FF-C01A-4889-9EC7-618DF504E94F}.Debug|x64.Build.0 = Debug|Any CPU
		{148AD4FF-C01A-4889-9EC7-618DF504E94F}.Debug|x86.ActiveCfg = Debug|Any CPU
		{148AD4FF-C01A-4889-9EC7-618DF504E94F}.Debug|x86.Build.0 = Debug|Any CPU
		{148AD4FF-C01A-4889-9EC7-618DF504E94F}.Release|Any CPU.ActiveCfg = Release|Any CPU
		{148AD4FF-C01A-4889-9EC7-618DF504E94F}.Release|Any CPU.Build.0 = Release|Any CPU
		{148AD4FF-C01A-4889-9EC7-618DF504E94F}.Release|x64.ActiveCfg = Release|Any CPU
		{148AD4FF-C01A-4889-9EC7-618DF504E94F}.Release|x64.Build.0 = Release|Any CPU
		{148AD4FF-C01A-4889-9EC7-618DF504E94F}.Release|x86.ActiveCfg = Release|Any CPU
		{148AD4FF-C01A-4889-9EC7-618DF504E94F}.Release|x86.Build.0 = Release|Any CPU
		{125925F8-E1EB-4302-9382-7F7E6660FE7E}.Debug|Any CPU.ActiveCfg = Debug|Any CPU
		{125925F8-E1EB-4302-9382-7F7E6660FE7E}.Debug|Any CPU.Build.0 = Debug|Any CPU
		{125925F8-E1EB-4302-9382-7F7E6660FE7E}.Debug|x64.ActiveCfg = Debug|Any CPU
		{125925F8-E1EB-4302-9382-7F7E6660FE7E}.Debug|x64.Build.0 = Debug|Any CPU
		{125925F8-E1EB-4302-9382-7F7E6660FE7E}.Debug|x86.ActiveCfg = Debug|Any CPU
		{125925F8-E1EB-4302-9382-7F7E6660FE7E}.Debug|x86.Build.0 = Debug|Any CPU
		{125925F8-E1EB-4302-9382-7F7E6660FE7E}.Release|Any CPU.ActiveCfg = Release|Any CPU
		{125925F8-E1EB-4302-9382-7F7E6660FE7E}.Release|Any CPU.Build.0 = Release|Any CPU
		{125925F8-E1EB-4302-9382-7F7E6660FE7E}.Release|x64.ActiveCfg = Release|Any CPU
		{125925F8-E1EB-4302-9382-7F7E6660FE7E}.Release|x64.Build.0 = Release|Any CPU
		{125925F8-E1EB-4302-9382-7F7E6660FE7E}.Release|x86.ActiveCfg = Release|Any CPU
		{125925F8-E1EB-4302-9382-7F7E6660FE7E}.Release|x86.Build.0 = Release|Any CPU
		{5BB0AE1A-F163-4206-84FC-2316EBEC7989}.Debug|Any CPU.ActiveCfg = Debug|Any CPU
		{5BB0AE1A-F163-4206-84FC-2316EBEC7989}.Debug|Any CPU.Build.0 = Debug|Any CPU
		{5BB0AE1A-F163-4206-84FC-2316EBEC7989}.Debug|x64.ActiveCfg = Debug|Any CPU
		{5BB0AE1A-F163-4206-84FC-2316EBEC7989}.Debug|x64.Build.0 = Debug|Any CPU
		{5BB0AE1A-F163-4206-84FC-2316EBEC7989}.Debug|x86.ActiveCfg = Debug|Any CPU
		{5BB0AE1A-F163-4206-84FC-2316EBEC7989}.Debug|x86.Build.0 = Debug|Any CPU
		{5BB0AE1A-F163-4206-84FC-2316EBEC7989}.Release|Any CPU.ActiveCfg = Release|Any CPU
		{5BB0AE1A-F163-4206-84FC-2316EBEC7989}.Release|Any CPU.Build.0 = Release|Any CPU
		{5BB0AE1A-F163-4206-84FC-2316EBEC7989}.Release|x64.ActiveCfg = Release|Any CPU
		{5BB0AE1A-F163-4206-84FC-2316EBEC7989}.Release|x64.Build.0 = Release|Any CPU
		{5BB0AE1A-F163-4206-84FC-2316EBEC7989}.Release|x86.ActiveCfg = Release|Any CPU
		{5BB0AE1A-F163-4206-84FC-2316EBEC7989}.Release|x86.Build.0 = Release|Any CPU
		{AF4755E4-E538-40C2-97ED-D22E35403B5B}.Debug|Any CPU.ActiveCfg = Debug|x64
		{AF4755E4-E538-40C2-97ED-D22E35403B5B}.Debug|Any CPU.Build.0 = Debug|x64
		{AF4755E4-E538-40C2-97ED-D22E35403B5B}.Debug|x64.ActiveCfg = Debug|x64
		{AF4755E4-E538-40C2-97ED-D22E35403B5B}.Debug|x64.Build.0 = Debug|x64
		{AF4755E4-E538-40C2-97ED-D22E35403B5B}.Debug|x86.ActiveCfg = Debug|Win32
		{AF4755E4-E538-40C2-97ED-D22E35403B5B}.Debug|x86.Build.0 = Debug|Win32
		{AF4755E4-E538-40C2-97ED-D22E35403B5B}.Release|Any CPU.ActiveCfg = Release|x64
		{AF4755E4-E538-40C2-97ED-D22E35403B5B}.Release|Any CPU.Build.0 = Release|x64
		{AF4755E4-E538-40C2-97ED-D22E35403B5B}.Release|x64.ActiveCfg = Release|x64
		{AF4755E4-E538-40C2-97ED-D22E35403B5B}.Release|x64.Build.0 = Release|x64
		{AF4755E4-E538-40C2-97ED-D22E35403B5B}.Release|x86.ActiveCfg = Release|Win32
		{AF4755E4-E538-40C2-97ED-D22E35403B5B}.Release|x86.Build.0 = Release|Win32
		{DF47DE4F-4840-4DB2-A5E9-57444D9B91DD}.Debug|Any CPU.ActiveCfg = Debug|Any CPU
		{DF47DE4F-4840-4DB2-A5E9-57444D9B91DD}.Debug|Any CPU.Build.0 = Debug|Any CPU
		{DF47DE4F-4840-4DB2-A5E9-57444D9B91DD}.Debug|x64.ActiveCfg = Debug|Any CPU
		{DF47DE4F-4840-4DB2-A5E9-57444D9B91DD}.Debug|x64.Build.0 = Debug|Any CPU
		{DF47DE4F-4840-4DB2-A5E9-57444D9B91DD}.Debug|x86.ActiveCfg = Debug|Any CPU
		{DF47DE4F-4840-4DB2-A5E9-57444D9B91DD}.Debug|x86.Build.0 = Debug|Any CPU
		{DF47DE4F-4840-4DB2-A5E9-57444D9B91DD}.Release|Any CPU.ActiveCfg = Release|Any CPU
		{DF47DE4F-4840-4DB2-A5E9-57444D9B91DD}.Release|Any CPU.Build.0 = Release|Any CPU
		{DF47DE4F-4840-4DB2-A5E9-57444D9B91DD}.Release|x64.ActiveCfg = Release|Any CPU
		{DF47DE4F-4840-4DB2-A5E9-57444D9B91DD}.Release|x64.Build.0 = Release|Any CPU
		{DF47DE4F-4840-4DB2-A5E9-57444D9B91DD}.Release|x86.ActiveCfg = Release|Any CPU
		{DF47DE4F-4840-4DB2-A5E9-57444D9B91DD}.Release|x86.Build.0 = Release|Any CPU
		{53830159-1E8C-48EB-A568-AFAA36E5C12B}.Debug|Any CPU.ActiveCfg = Debug|Any CPU
		{53830159-1E8C-48EB-A568-AFAA36E5C12B}.Debug|Any CPU.Build.0 = Debug|Any CPU
		{53830159-1E8C-48EB-A568-AFAA36E5C12B}.Debug|x64.ActiveCfg = Debug|Any CPU
		{53830159-1E8C-48EB-A568-AFAA36E5C12B}.Debug|x64.Build.0 = Debug|Any CPU
		{53830159-1E8C-48EB-A568-AFAA36E5C12B}.Debug|x86.ActiveCfg = Debug|Any CPU
		{53830159-1E8C-48EB-A568-AFAA36E5C12B}.Debug|x86.Build.0 = Debug|Any CPU
		{53830159-1E8C-48EB-A568-AFAA36E5C12B}.Release|Any CPU.ActiveCfg = Release|Any CPU
		{53830159-1E8C-48EB-A568-AFAA36E5C12B}.Release|Any CPU.Build.0 = Release|Any CPU
		{53830159-1E8C-48EB-A568-AFAA36E5C12B}.Release|x64.ActiveCfg = Release|Any CPU
		{53830159-1E8C-48EB-A568-AFAA36E5C12B}.Release|x64.Build.0 = Release|Any CPU
		{53830159-1E8C-48EB-A568-AFAA36E5C12B}.Release|x86.ActiveCfg = Release|Any CPU
		{53830159-1E8C-48EB-A568-AFAA36E5C12B}.Release|x86.Build.0 = Release|Any CPU
		{B8E8E559-BE37-4035-922D-90E8D17EE15E}.Debug|Any CPU.ActiveCfg = Debug|Any CPU
		{B8E8E559-BE37-4035-922D-90E8D17EE15E}.Debug|Any CPU.Build.0 = Debug|Any CPU
		{B8E8E559-BE37-4035-922D-90E8D17EE15E}.Debug|x64.ActiveCfg = Debug|Any CPU
		{B8E8E559-BE37-4035-922D-90E8D17EE15E}.Debug|x64.Build.0 = Debug|Any CPU
		{B8E8E559-BE37-4035-922D-90E8D17EE15E}.Debug|x86.ActiveCfg = Debug|Any CPU
		{B8E8E559-BE37-4035-922D-90E8D17EE15E}.Debug|x86.Build.0 = Debug|Any CPU
		{B8E8E559-BE37-4035-922D-90E8D17EE15E}.Release|Any CPU.ActiveCfg = Release|Any CPU
		{B8E8E559-BE37-4035-922D-90E8D17EE15E}.Release|Any CPU.Build.0 = Release|Any CPU
		{B8E8E559-BE37-4035-922D-90E8D17EE15E}.Release|x64.ActiveCfg = Release|Any CPU
		{B8E8E559-BE37-4035-922D-90E8D17EE15E}.Release|x64.Build.0 = Release|Any CPU
		{B8E8E559-BE37-4035-922D-90E8D17EE15E}.Release|x86.ActiveCfg = Release|Any CPU
		{B8E8E559-BE37-4035-922D-90E8D17EE15E}.Release|x86.Build.0 = Release|Any CPU
		{EAFA3DD2-6BCE-4871-BA3B-AF58A200048B}.Debug|Any CPU.ActiveCfg = Debug|Any CPU
		{EAFA3DD2-6BCE-4871-BA3B-AF58A200048B}.Debug|Any CPU.Build.0 = Debug|Any CPU
		{EAFA3DD2-6BCE-4871-BA3B-AF58A200048B}.Debug|x64.ActiveCfg = Debug|Any CPU
		{EAFA3DD2-6BCE-4871-BA3B-AF58A200048B}.Debug|x64.Build.0 = Debug|Any CPU
		{EAFA3DD2-6BCE-4871-BA3B-AF58A200048B}.Debug|x86.ActiveCfg = Debug|Any CPU
		{EAFA3DD2-6BCE-4871-BA3B-AF58A200048B}.Debug|x86.Build.0 = Debug|Any CPU
		{EAFA3DD2-6BCE-4871-BA3B-AF58A200048B}.Release|Any CPU.ActiveCfg = Release|Any CPU
		{EAFA3DD2-6BCE-4871-BA3B-AF58A200048B}.Release|Any CPU.Build.0 = Release|Any CPU
		{EAFA3DD2-6BCE-4871-BA3B-AF58A200048B}.Release|x64.ActiveCfg = Release|Any CPU
		{EAFA3DD2-6BCE-4871-BA3B-AF58A200048B}.Release|x64.Build.0 = Release|Any CPU
		{EAFA3DD2-6BCE-4871-BA3B-AF58A200048B}.Release|x86.ActiveCfg = Release|Any CPU
		{EAFA3DD2-6BCE-4871-BA3B-AF58A200048B}.Release|x86.Build.0 = Release|Any CPU
		{23BC6AED-975C-4635-AB06-49137E8C33E1}.Debug|Any CPU.ActiveCfg = Debug|x64
		{23BC6AED-975C-4635-AB06-49137E8C33E1}.Debug|Any CPU.Build.0 = Debug|x64
		{23BC6AED-975C-4635-AB06-49137E8C33E1}.Debug|x64.ActiveCfg = Debug|x64
		{23BC6AED-975C-4635-AB06-49137E8C33E1}.Debug|x64.Build.0 = Debug|x64
		{23BC6AED-975C-4635-AB06-49137E8C33E1}.Debug|x86.ActiveCfg = Debug|Win32
		{23BC6AED-975C-4635-AB06-49137E8C33E1}.Debug|x86.Build.0 = Debug|Win32
		{23BC6AED-975C-4635-AB06-49137E8C33E1}.Release|Any CPU.ActiveCfg = Release|x64
		{23BC6AED-975C-4635-AB06-49137E8C33E1}.Release|Any CPU.Build.0 = Release|x64
		{23BC6AED-975C-4635-AB06-49137E8C33E1}.Release|x64.ActiveCfg = Release|x64
		{23BC6AED-975C-4635-AB06-49137E8C33E1}.Release|x64.Build.0 = Release|x64
		{23BC6AED-975C-4635-AB06-49137E8C33E1}.Release|x86.ActiveCfg = Release|Win32
		{23BC6AED-975C-4635-AB06-49137E8C33E1}.Release|x86.Build.0 = Release|Win32
		{6F354A68-3251-4F6E-AC47-435F5BD31169}.Debug|Any CPU.ActiveCfg = Debug|Any CPU
		{6F354A68-3251-4F6E-AC47-435F5BD31169}.Debug|Any CPU.Build.0 = Debug|Any CPU
		{6F354A68-3251-4F6E-AC47-435F5BD31169}.Debug|x64.ActiveCfg = Debug|Any CPU
		{6F354A68-3251-4F6E-AC47-435F5BD31169}.Debug|x64.Build.0 = Debug|Any CPU
		{6F354A68-3251-4F6E-AC47-435F5BD31169}.Debug|x86.ActiveCfg = Debug|Any CPU
		{6F354A68-3251-4F6E-AC47-435F5BD31169}.Debug|x86.Build.0 = Debug|Any CPU
		{6F354A68-3251-4F6E-AC47-435F5BD31169}.Release|Any CPU.ActiveCfg = Release|Any CPU
		{6F354A68-3251-4F6E-AC47-435F5BD31169}.Release|Any CPU.Build.0 = Release|Any CPU
		{6F354A68-3251-4F6E-AC47-435F5BD31169}.Release|x64.ActiveCfg = Release|Any CPU
		{6F354A68-3251-4F6E-AC47-435F5BD31169}.Release|x64.Build.0 = Release|Any CPU
		{6F354A68-3251-4F6E-AC47-435F5BD31169}.Release|x86.ActiveCfg = Release|Any CPU
		{6F354A68-3251-4F6E-AC47-435F5BD31169}.Release|x86.Build.0 = Release|Any CPU
		{4808571E-A8DC-4D1B-839F-40C3286A0DE3}.Debug|Any CPU.ActiveCfg = Debug|Any CPU
		{4808571E-A8DC-4D1B-839F-40C3286A0DE3}.Debug|Any CPU.Build.0 = Debug|Any CPU
		{4808571E-A8DC-4D1B-839F-40C3286A0DE3}.Debug|x64.ActiveCfg = Debug|Any CPU
		{4808571E-A8DC-4D1B-839F-40C3286A0DE3}.Debug|x64.Build.0 = Debug|Any CPU
		{4808571E-A8DC-4D1B-839F-40C3286A0DE3}.Debug|x86.ActiveCfg = Debug|Any CPU
		{4808571E-A8DC-4D1B-839F-40C3286A0DE3}.Debug|x86.Build.0 = Debug|Any CPU
		{4808571E-A8DC-4D1B-839F-40C3286A0DE3}.Release|Any CPU.ActiveCfg = Release|Any CPU
		{4808571E-A8DC-4D1B-839F-40C3286A0DE3}.Release|Any CPU.Build.0 = Release|Any CPU
		{4808571E-A8DC-4D1B-839F-40C3286A0DE3}.Release|x64.ActiveCfg = Release|Any CPU
		{4808571E-A8DC-4D1B-839F-40C3286A0DE3}.Release|x64.Build.0 = Release|Any CPU
		{4808571E-A8DC-4D1B-839F-40C3286A0DE3}.Release|x86.ActiveCfg = Release|Any CPU
		{4808571E-A8DC-4D1B-839F-40C3286A0DE3}.Release|x86.Build.0 = Release|Any CPU
		{FE9C7694-850A-48F7-9F12-9DAB42D3B942}.Debug|Any CPU.ActiveCfg = Debug|Any CPU
		{FE9C7694-850A-48F7-9F12-9DAB42D3B942}.Debug|Any CPU.Build.0 = Debug|Any CPU
		{FE9C7694-850A-48F7-9F12-9DAB42D3B942}.Debug|x64.ActiveCfg = Debug|Any CPU
		{FE9C7694-850A-48F7-9F12-9DAB42D3B942}.Debug|x64.Build.0 = Debug|Any CPU
		{FE9C7694-850A-48F7-9F12-9DAB42D3B942}.Debug|x86.ActiveCfg = Debug|Any CPU
		{FE9C7694-850A-48F7-9F12-9DAB42D3B942}.Debug|x86.Build.0 = Debug|Any CPU
		{FE9C7694-850A-48F7-9F12-9DAB42D3B942}.Release|Any CPU.ActiveCfg = Release|Any CPU
		{FE9C7694-850A-48F7-9F12-9DAB42D3B942}.Release|Any CPU.Build.0 = Release|Any CPU
		{FE9C7694-850A-48F7-9F12-9DAB42D3B942}.Release|x64.ActiveCfg = Release|Any CPU
		{FE9C7694-850A-48F7-9F12-9DAB42D3B942}.Release|x64.Build.0 = Release|Any CPU
		{FE9C7694-850A-48F7-9F12-9DAB42D3B942}.Release|x86.ActiveCfg = Release|Any CPU
		{FE9C7694-850A-48F7-9F12-9DAB42D3B942}.Release|x86.Build.0 = Release|Any CPU
		{9C1747E4-8716-4808-AB3A-21273A29E552}.Debug|Any CPU.ActiveCfg = Debug|Any CPU
		{9C1747E4-8716-4808-AB3A-21273A29E552}.Debug|Any CPU.Build.0 = Debug|Any CPU
		{9C1747E4-8716-4808-AB3A-21273A29E552}.Debug|x64.ActiveCfg = Debug|Any CPU
		{9C1747E4-8716-4808-AB3A-21273A29E552}.Debug|x64.Build.0 = Debug|Any CPU
		{9C1747E4-8716-4808-AB3A-21273A29E552}.Debug|x86.ActiveCfg = Debug|Any CPU
		{9C1747E4-8716-4808-AB3A-21273A29E552}.Debug|x86.Build.0 = Debug|Any CPU
		{9C1747E4-8716-4808-AB3A-21273A29E552}.Release|Any CPU.ActiveCfg = Release|Any CPU
		{9C1747E4-8716-4808-AB3A-21273A29E552}.Release|Any CPU.Build.0 = Release|Any CPU
		{9C1747E4-8716-4808-AB3A-21273A29E552}.Release|x64.ActiveCfg = Release|Any CPU
		{9C1747E4-8716-4808-AB3A-21273A29E552}.Release|x64.Build.0 = Release|Any CPU
		{9C1747E4-8716-4808-AB3A-21273A29E552}.Release|x86.ActiveCfg = Release|Any CPU
		{9C1747E4-8716-4808-AB3A-21273A29E552}.Release|x86.Build.0 = Release|Any CPU
		{1A536EF7-7E4D-4E96-AA6F-4C83ACF462FE}.Debug|Any CPU.ActiveCfg = Debug|Any CPU
		{1A536EF7-7E4D-4E96-AA6F-4C83ACF462FE}.Debug|Any CPU.Build.0 = Debug|Any CPU
		{1A536EF7-7E4D-4E96-AA6F-4C83ACF462FE}.Debug|x64.ActiveCfg = Debug|Any CPU
		{1A536EF7-7E4D-4E96-AA6F-4C83ACF462FE}.Debug|x64.Build.0 = Debug|Any CPU
		{1A536EF7-7E4D-4E96-AA6F-4C83ACF462FE}.Debug|x86.ActiveCfg = Debug|Any CPU
		{1A536EF7-7E4D-4E96-AA6F-4C83ACF462FE}.Debug|x86.Build.0 = Debug|Any CPU
		{1A536EF7-7E4D-4E96-AA6F-4C83ACF462FE}.Release|Any CPU.ActiveCfg = Release|Any CPU
		{1A536EF7-7E4D-4E96-AA6F-4C83ACF462FE}.Release|Any CPU.Build.0 = Release|Any CPU
		{1A536EF7-7E4D-4E96-AA6F-4C83ACF462FE}.Release|x64.ActiveCfg = Release|Any CPU
		{1A536EF7-7E4D-4E96-AA6F-4C83ACF462FE}.Release|x64.Build.0 = Release|Any CPU
		{1A536EF7-7E4D-4E96-AA6F-4C83ACF462FE}.Release|x86.ActiveCfg = Release|Any CPU
		{1A536EF7-7E4D-4E96-AA6F-4C83ACF462FE}.Release|x86.Build.0 = Release|Any CPU
		{3D2954DD-5E69-4EF9-880B-495CCDCA8D80}.Debug|Any CPU.ActiveCfg = Debug|Any CPU
		{3D2954DD-5E69-4EF9-880B-495CCDCA8D80}.Debug|Any CPU.Build.0 = Debug|Any CPU
		{3D2954DD-5E69-4EF9-880B-495CCDCA8D80}.Debug|x64.ActiveCfg = Debug|Any CPU
		{3D2954DD-5E69-4EF9-880B-495CCDCA8D80}.Debug|x64.Build.0 = Debug|Any CPU
		{3D2954DD-5E69-4EF9-880B-495CCDCA8D80}.Debug|x86.ActiveCfg = Debug|Any CPU
		{3D2954DD-5E69-4EF9-880B-495CCDCA8D80}.Debug|x86.Build.0 = Debug|Any CPU
		{3D2954DD-5E69-4EF9-880B-495CCDCA8D80}.Release|Any CPU.ActiveCfg = Release|Any CPU
		{3D2954DD-5E69-4EF9-880B-495CCDCA8D80}.Release|Any CPU.Build.0 = Release|Any CPU
		{3D2954DD-5E69-4EF9-880B-495CCDCA8D80}.Release|x64.ActiveCfg = Release|Any CPU
		{3D2954DD-5E69-4EF9-880B-495CCDCA8D80}.Release|x64.Build.0 = Release|Any CPU
		{3D2954DD-5E69-4EF9-880B-495CCDCA8D80}.Release|x86.ActiveCfg = Release|Any CPU
		{3D2954DD-5E69-4EF9-880B-495CCDCA8D80}.Release|x86.Build.0 = Release|Any CPU
	EndGlobalSection
	GlobalSection(SolutionProperties) = preSolution
		HideSolutionNode = FALSE
	EndGlobalSection
	GlobalSection(NestedProjects) = preSolution
		{9CF36028-06BB-4618-8D7E-2F6EA512A8DE} = {794D1CD0-6BA9-4A4C-BB66-9185AFFEA481}
		{DF74787A-1EAE-43F4-8298-89D0AFDAD5E9} = {794D1CD0-6BA9-4A4C-BB66-9185AFFEA481}
		{148AD4FF-C01A-4889-9EC7-618DF504E94F} = {794D1CD0-6BA9-4A4C-BB66-9185AFFEA481}
		{125925F8-E1EB-4302-9382-7F7E6660FE7E} = {794D1CD0-6BA9-4A4C-BB66-9185AFFEA481}
		{5BB0AE1A-F163-4206-84FC-2316EBEC7989} = {794D1CD0-6BA9-4A4C-BB66-9185AFFEA481}
		{AF4755E4-E538-40C2-97ED-D22E35403B5B} = {88C17B89-2D7F-43F4-AD62-D274B37A963E}
		{DF47DE4F-4840-4DB2-A5E9-57444D9B91DD} = {88C17B89-2D7F-43F4-AD62-D274B37A963E}
		{53830159-1E8C-48EB-A568-AFAA36E5C12B} = {88C17B89-2D7F-43F4-AD62-D274B37A963E}
		{B8E8E559-BE37-4035-922D-90E8D17EE15E} = {88C17B89-2D7F-43F4-AD62-D274B37A963E}
		{EAFA3DD2-6BCE-4871-BA3B-AF58A200048B} = {88C17B89-2D7F-43F4-AD62-D274B37A963E}
		{23BC6AED-975C-4635-AB06-49137E8C33E1} = {88C17B89-2D7F-43F4-AD62-D274B37A963E}
		{6F354A68-3251-4F6E-AC47-435F5BD31169} = {88C17B89-2D7F-43F4-AD62-D274B37A963E}
		{4808571E-A8DC-4D1B-839F-40C3286A0DE3} = {FCDFB541-827A-48BB-8F3F-85F9B3EC41F7}
		{FE9C7694-850A-48F7-9F12-9DAB42D3B942} = {FCDFB541-827A-48BB-8F3F-85F9B3EC41F7}
		{9C1747E4-8716-4808-AB3A-21273A29E552} = {FCDFB541-827A-48BB-8F3F-85F9B3EC41F7}
		{1A536EF7-7E4D-4E96-AA6F-4C83ACF462FE} = {FCDFB541-827A-48BB-8F3F-85F9B3EC41F7}
		{3D2954DD-5E69-4EF9-880B-495CCDCA8D80} = {FDFCD131-8E0B-40CB-81CE-F9D70110644A}
	EndGlobalSection
	GlobalSection(ExtensibilityGlobals) = postSolution
		SolutionGuid = {2F41B4CC-E1B1-499A-9303-6827B942F9A0}
	EndGlobalSection
EndGlobal
